
Microsoft Visual Studio Solution File, Format Version 12.00
# Visual Studio 15
VisualStudioVersion = 15.0.28307.329
MinimumVisualStudioVersion = 10.0.40219.1
Project("{FAE04EC0-301F-11D3-BF4B-00C04F79EFBC}") = "SourceLinkNugetTestApp", "SourceLinkNugetTestApp\SourceLinkNugetTestApp.csproj", "{ED455016-4AAD-47FF-99F6-4CD4A313306D}"
EndProject
Global
	GlobalSection(SolutionConfigurationPlatforms) = preSolution
		Debug|Any CPU = Debug|Any CPU
		Release|Any CPU = Release|Any CPU
	EndGlobalSection
	GlobalSection(ProjectConfigurationPlatforms) = postSolution
		{ED455016-4AAD-47FF-99F6-4CD4A313306D}.Debug|Any CPU.ActiveCfg = Debug|Any CPU
		{ED455016-4AAD-47FF-99F6-4CD4A313306D}.Debug|Any CPU.Build.0 = Debug|Any CPU
		{ED455016-4AAD-47FF-99F6-4CD4A313306D}.Release|Any CPU.ActiveCfg = Release|Any CPU
		{ED455016-4AAD-47FF-99F6-4CD4A313306D}.Release|Any CPU.Build.0 = Release|Any CPU
	EndGlobalSection
	GlobalSection(SolutionProperties) = preSolution
		HideSolutionNode = FALSE
	EndGlobalSection
	GlobalSection(ExtensibilityGlobals) = postSolution
		SolutionGuid = {003B4A34-75A3-4775-B8DF-EDEA27CA2BCA}
	EndGlobalSection
EndGlobal
